
Microsoft Visual Studio Solution File, Format Version 12.00
# Visual Studio 15
VisualStudioVersion = 15.0.28307.421
MinimumVisualStudioVersion = 10.0.40219.1
Project("{9A19103F-16F7-4668-BE54-9A1E7A4F7556}") = "13ClassesHW", "13ClassesHW\13ClassesHW.csproj", "{D134AC92-EEEC-4A47-B0A4-44C8AFEDAB0E}"
EndProject
Project("{FAE04EC0-301F-11D3-BF4B-00C04F79EFBC}") = "Ex2", "Ex2\Ex2.csproj", "{295332DB-B026-4D84-A32B-F2F06967016B}"
EndProject
Project("{FAE04EC0-301F-11D3-BF4B-00C04F79EFBC}") = "Ex3", "Ex3\Ex3.csproj", "{9AB6B585-DECC-4184-AA76-BAD7C070E7C7}"
EndProject
Project("{FAE04EC0-301F-11D3-BF4B-00C04F79EFBC}") = "Nothing", "Nothing\Nothing.csproj", "{FC40C206-88A5-42D5-9531-0CCCC5276399}"
EndProject
Global
	GlobalSection(SolutionConfigurationPlatforms) = preSolution
		Debug|Any CPU = Debug|Any CPU
		Release|Any CPU = Release|Any CPU
	EndGlobalSection
	GlobalSection(ProjectConfigurationPlatforms) = postSolution
		{D134AC92-EEEC-4A47-B0A4-44C8AFEDAB0E}.Debug|Any CPU.ActiveCfg = Debug|Any CPU
		{D134AC92-EEEC-4A47-B0A4-44C8AFEDAB0E}.Debug|Any CPU.Build.0 = Debug|Any CPU
		{D134AC92-EEEC-4A47-B0A4-44C8AFEDAB0E}.Release|Any CPU.ActiveCfg = Release|Any CPU
		{D134AC92-EEEC-4A47-B0A4-44C8AFEDAB0E}.Release|Any CPU.Build.0 = Release|Any CPU
		{295332DB-B026-4D84-A32B-F2F06967016B}.Debug|Any CPU.ActiveCfg = Debug|Any CPU
		{295332DB-B026-4D84-A32B-F2F06967016B}.Debug|Any CPU.Build.0 = Debug|Any CPU
		{295332DB-B026-4D84-A32B-F2F06967016B}.Release|Any CPU.ActiveCfg = Release|Any CPU
		{295332DB-B026-4D84-A32B-F2F06967016B}.Release|Any CPU.Build.0 = Release|Any CPU
		{9AB6B585-DECC-4184-AA76-BAD7C070E7C7}.Debug|Any CPU.ActiveCfg = Debug|Any CPU
		{9AB6B585-DECC-4184-AA76-BAD7C070E7C7}.Debug|Any CPU.Build.0 = Debug|Any CPU
		{9AB6B585-DECC-4184-AA76-BAD7C070E7C7}.Release|Any CPU.ActiveCfg = Release|Any CPU
		{9AB6B585-DECC-4184-AA76-BAD7C070E7C7}.Release|Any CPU.Build.0 = Release|Any CPU
		{FC40C206-88A5-42D5-9531-0CCCC5276399}.Debug|Any CPU.ActiveCfg = Debug|Any CPU
		{FC40C206-88A5-42D5-9531-0CCCC5276399}.Debug|Any CPU.Build.0 = Debug|Any CPU
		{FC40C206-88A5-42D5-9531-0CCCC5276399}.Release|Any CPU.ActiveCfg = Release|Any CPU
		{FC40C206-88A5-42D5-9531-0CCCC5276399}.Release|Any CPU.Build.0 = Release|Any CPU
	EndGlobalSection
	GlobalSection(SolutionProperties) = preSolution
		HideSolutionNode = FALSE
	EndGlobalSection
	GlobalSection(ExtensibilityGlobals) = postSolution
		SolutionGuid = {43870F63-C0B4-424C-8F73-5F2E2B5393F7}
	EndGlobalSection
EndGlobal
